
Microsoft Visual Studio Solution File, Format Version 12.00
# Visual Studio Version 16
VisualStudioVersion = 16.0.30907.101
MinimumVisualStudioVersion = 10.0.40219.1
Project("{9A19103F-16F7-4668-BE54-9A1E7A4F7556}") = "DiscordBot", "DiscordBot\DiscordBot.csproj", "{A431EB19-C3FB-4209-83D9-A137737D71AE}"
EndProject
Global
	GlobalSection(SolutionConfigurationPlatforms) = preSolution
		Debug|Any CPU = Debug|Any CPU
		Release|Any CPU = Release|Any CPU
	EndGlobalSection
	GlobalSection(ProjectConfigurationPlatforms) = postSolution
		{A431EB19-C3FB-4209-83D9-A137737D71AE}.Debug|Any CPU.ActiveCfg = Debug|Any CPU
		{A431EB19-C3FB-4209-83D9-A137737D71AE}.Debug|Any CPU.Build.0 = Debug|Any CPU
		{A431EB19-C3FB-4209-83D9-A137737D71AE}.Release|Any CPU.ActiveCfg = Release|Any CPU
		{A431EB19-C3FB-4209-83D9-A137737D71AE}.Release|Any CPU.Build.0 = Release|Any CPU
	EndGlobalSection
	GlobalSection(SolutionProperties) = preSolution
		HideSolutionNode = FALSE
	EndGlobalSection
	GlobalSection(ExtensibilityGlobals) = postSolution
		SolutionGuid = {C33DE04A-2F3F-4619-A58C-C404049EB65E}
	EndGlobalSection
EndGlobal
